
Microsoft Visual Studio Solution File, Format Version 12.00
# Visual Studio Version 17
VisualStudioVersion = 17.0.31903.59
MinimumVisualStudioVersion = 10.0.40219.1
Project("{FAE04EC0-301F-11D3-BF4B-00C04F79EFBC}") = "GoalTracker.API", "GoalTracker.API\GoalTracker.API.csproj", "{5F147697-BD05-4B61-B925-29D84923B2E3}"
EndProject
Project("{FAE04EC0-301F-11D3-BF4B-00C04F79EFBC}") = "GoalTracker.Domain", "GoalTracker.Domain\GoalTracker.Domain.csproj", "{EA8A968B-3CD0-41E1-978B-4D3EE0FFFEF4}"
EndProject
Project("{FAE04EC0-301F-11D3-BF4B-00C04F79EFBC}") = "GoalTracker.Application", "GoalTracker.Application\GoalTracker.Application.csproj", "{98BEC7E7-078D-464A-8536-2D729D25A42A}"
EndProject
Project("{FAE04EC0-301F-11D3-BF4B-00C04F79EFBC}") = "GoalTracker.Infrastructure", "GoalTracker.Infrastructure\GoalTracker.Infrastructure.csproj", "{D367B1DF-C762-4309-A296-67EC0E438014}"
EndProject
Project("{FAE04EC0-301F-11D3-BF4B-00C04F79EFBC}") = "GoalTracker.Application.Tests", "GoalTracker.Application.Tests\GoalTracker.Application.Tests.csproj", "{5417EC22-35E3-4DEA-AC04-9C6C723988C0}"
EndProject
Project("{FAE04EC0-301F-11D3-BF4B-00C04F79EFBC}") = "GoalTracker.UI.Blazor", "GoalTracker.UI.Blazor\GoalTracker.UI.Blazor.csproj", "{AFE8ADEB-5E21-4B50-B41F-5FC623FA0F54}"
EndProject
Project("{FAE04EC0-301F-11D3-BF4B-00C04F79EFBC}") = "GoalTracker.Infrastructure.Tests", "GoalTracker.Infrastructure.Tests\GoalTracker.Infrastructure.Tests.csproj", "{E19725B7-B791-441A-B900-56DD8F69D774}"
EndProject
Project("{FAE04EC0-301F-11D3-BF4B-00C04F79EFBC}") = "GoalTracker.API.Tests", "GoalTracker.API.Tests\GoalTracker.API.Tests.csproj", "{177C342C-976E-4719-A825-93CD5DBCE5EA}"
EndProject
Global
	GlobalSection(SolutionConfigurationPlatforms) = preSolution
		Debug|Any CPU = Debug|Any CPU
		Release|Any CPU = Release|Any CPU
	EndGlobalSection
	GlobalSection(ProjectConfigurationPlatforms) = postSolution
		{5F147697-BD05-4B61-B925-29D84923B2E3}.Debug|Any CPU.ActiveCfg = Debug|Any CPU
		{5F147697-BD05-4B61-B925-29D84923B2E3}.Debug|Any CPU.Build.0 = Debug|Any CPU
		{5F147697-BD05-4B61-B925-29D84923B2E3}.Release|Any CPU.ActiveCfg = Release|Any CPU
		{5F147697-BD05-4B61-B925-29D84923B2E3}.Release|Any CPU.Build.0 = Release|Any CPU
		{EA8A968B-3CD0-41E1-978B-4D3EE0FFFEF4}.Debug|Any CPU.ActiveCfg = Debug|Any CPU
		{EA8A968B-3CD0-41E1-978B-4D3EE0FFFEF4}.Debug|Any CPU.Build.0 = Debug|Any CPU
		{EA8A968B-3CD0-41E1-978B-4D3EE0FFFEF4}.Release|Any CPU.ActiveCfg = Release|Any CPU
		{EA8A968B-3CD0-41E1-978B-4D3EE0FFFEF4}.Release|Any CPU.Build.0 = Release|Any CPU
		{98BEC7E7-078D-464A-8536-2D729D25A42A}.Debug|Any CPU.ActiveCfg = Debug|Any CPU
		{98BEC7E7-078D-464A-8536-2D729D25A42A}.Debug|Any CPU.Build.0 = Debug|Any CPU
		{98BEC7E7-078D-464A-8536-2D729D25A42A}.Release|Any CPU.ActiveCfg = Release|Any CPU
		{98BEC7E7-078D-464A-8536-2D729D25A42A}.Release|Any CPU.Build.0 = Release|Any CPU
		{D367B1DF-C762-4309-A296-67EC0E438014}.Debug|Any CPU.ActiveCfg = Debug|Any CPU
		{D367B1DF-C762-4309-A296-67EC0E438014}.Debug|Any CPU.Build.0 = Debug|Any CPU
		{D367B1DF-C762-4309-A296-67EC0E438014}.Release|Any CPU.ActiveCfg = Release|Any CPU
		{D367B1DF-C762-4309-A296-67EC0E438014}.Release|Any CPU.Build.0 = Release|Any CPU
		{5417EC22-35E3-4DEA-AC04-9C6C723988C0}.Debug|Any CPU.ActiveCfg = Debug|Any CPU
		{5417EC22-35E3-4DEA-AC04-9C6C723988C0}.Debug|Any CPU.Build.0 = Debug|Any CPU
		{5417EC22-35E3-4DEA-AC04-9C6C723988C0}.Release|Any CPU.ActiveCfg = Release|Any CPU
		{5417EC22-35E3-4DEA-AC04-9C6C723988C0}.Release|Any CPU.Build.0 = Release|Any CPU
		{AFE8ADEB-5E21-4B50-B41F-5FC623FA0F54}.Debug|Any CPU.ActiveCfg = Debug|Any CPU
		{AFE8ADEB-5E21-4B50-B41F-5FC623FA0F54}.Debug|Any CPU.Build.0 = Debug|Any CPU
		{AFE8ADEB-5E21-4B50-B41F-5FC623FA0F54}.Release|Any CPU.ActiveCfg = Release|Any CPU
		{AFE8ADEB-5E21-4B50-B41F-5FC623FA0F54}.Release|Any CPU.Build.0 = Release|Any CPU
		{E19725B7-B791-441A-B900-56DD8F69D774}.Debug|Any CPU.ActiveCfg = Debug|Any CPU
		{E19725B7-B791-441A-B900-56DD8F69D774}.Debug|Any CPU.Build.0 = Debug|Any CPU
		{E19725B7-B791-441A-B900-56DD8F69D774}.Release|Any CPU.ActiveCfg = Release|Any CPU
		{E19725B7-B791-441A-B900-56DD8F69D774}.Release|Any CPU.Build.0 = Release|Any CPU
		{177C342C-976E-4719-A825-93CD5DBCE5EA}.Debug|Any CPU.ActiveCfg = Debug|Any CPU
		{177C342C-976E-4719-A825-93CD5DBCE5EA}.Debug|Any CPU.Build.0 = Debug|Any CPU
		{177C342C-976E-4719-A825-93CD5DBCE5EA}.Release|Any CPU.ActiveCfg = Release|Any CPU
		{177C342C-976E-4719-A825-93CD5DBCE5EA}.Release|Any CPU.Build.0 = Release|Any CPU
	EndGlobalSection
	GlobalSection(SolutionProperties) = preSolution
		HideSolutionNode = FALSE
	EndGlobalSection
EndGlobal
